// !$*UTF8*$!
{
	archiveVersion = 1;
	classes = {
	};
	objectVersion = 56;
	objects = {

/* Begin PBXBuildFile section */
		72383E7A291BD4890031A630 /* Marvel_ComicsApp.swift in Sources */ = {isa = PBXBuildFile; fileRef = 72383E79291BD4890031A630 /* Marvel_ComicsApp.swift */; };
		72383E7C291BD4890031A630 /* ContentView.swift in Sources */ = {isa = PBXBuildFile; fileRef = 72383E7B291BD4890031A630 /* ContentView.swift */; };
		72383E7E291BD48A0031A630 /* Assets.xcassets in Resources */ = {isa = PBXBuildFile; fileRef = 72383E7D291BD48A0031A630 /* Assets.xcassets */; };
		72383E82291BD48A0031A630 /* Preview Assets.xcassets in Resources */ = {isa = PBXBuildFile; fileRef = 72383E81291BD48A0031A630 /* Preview Assets.xcassets */; };
		72383E8C291BD48A0031A630 /* Marvel_ComicsTests.swift in Sources */ = {isa = PBXBuildFile; fileRef = 72383E8B291BD48A0031A630 /* Marvel_ComicsTests.swift */; };
		726987DF291C060200E2FD02 /* Secrets.swift in Sources */ = {isa = PBXBuildFile; fileRef = 726987DE291C060200E2FD02 /* Secrets.swift */; };
/* End PBXBuildFile section */

/* Begin PBXContainerItemProxy section */
		72383E88291BD48A0031A630 /* PBXContainerItemProxy */ = {
			isa = PBXContainerItemProxy;
			containerPortal = 72383E6E291BD4890031A630 /* Project object */;
			proxyType = 1;
			remoteGlobalIDString = 72383E75291BD4890031A630;
			remoteInfo = "Marvel Comics";
		};
/* End PBXContainerItemProxy section */

/* Begin PBXFileReference section */
		72383E76291BD4890031A630 /* Marvel Comics.app */ = {isa = PBXFileReference; explicitFileType = wrapper.application; includeInIndex = 0; path = "Marvel Comics.app"; sourceTree = BUILT_PRODUCTS_DIR; };
		72383E79291BD4890031A630 /* Marvel_ComicsApp.swift */ = {isa = PBXFileReference; lastKnownFileType = sourcecode.swift; path = Marvel_ComicsApp.swift; sourceTree = "<group>"; };
		72383E7B291BD4890031A630 /* ContentView.swift */ = {isa = PBXFileReference; lastKnownFileType = sourcecode.swift; path = ContentView.swift; sourceTree = "<group>"; };
		72383E7D291BD48A0031A630 /* Assets.xcassets */ = {isa = PBXFileReference; lastKnownFileType = folder.assetcatalog; path = Assets.xcassets; sourceTree = "<group>"; };
		72383E7F291BD48A0031A630 /* Marvel_Comics.entitlements */ = {isa = PBXFileReference; lastKnownFileType = text.plist.entitlements; path = Marvel_Comics.entitlements; sourceTree = "<group>"; };
		72383E81291BD48A0031A630 /* Preview Assets.xcassets */ = {isa = PBXFileReference; lastKnownFileType = folder.assetcatalog; path = "Preview Assets.xcassets"; sourceTree = "<group>"; };
		72383E87291BD48A0031A630 /* Marvel ComicsTests.xctest */ = {isa = PBXFileReference; explicitFileType = wrapper.cfbundle; includeInIndex = 0; path = "Marvel ComicsTests.xctest"; sourceTree = BUILT_PRODUCTS_DIR; };
		72383E8B291BD48A0031A630 /* Marvel_ComicsTests.swift */ = {isa = PBXFileReference; lastKnownFileType = sourcecode.swift; path = Marvel_ComicsTests.swift; sourceTree = "<group>"; };
		726987DE291C060200E2FD02 /* Secrets.swift */ = {isa = PBXFileReference; lastKnownFileType = sourcecode.swift; path = Secrets.swift; sourceTree = "<group>"; };
		726987E0291C0CEB00E2FD02 /* marvelcomics_secrets.xcconfig */ = {isa = PBXFileReference; lastKnownFileType = text.xcconfig; path = marvelcomics_secrets.xcconfig; sourceTree = "<group>"; };
		726987E1291C0D6100E2FD02 /* Marvel-Comics-Info.plist */ = {isa = PBXFileReference; lastKnownFileType = text.plist; path = "Marvel-Comics-Info.plist"; sourceTree = SOURCE_ROOT; };
/* End PBXFileReference section */

/* Begin PBXFrameworksBuildPhase section */
		72383E73291BD4890031A630 /* Frameworks */ = {
			isa = PBXFrameworksBuildPhase;
			buildActionMask = 2147483647;
			files = (
			);
			runOnlyForDeploymentPostprocessing = 0;
		};
		72383E84291BD48A0031A630 /* Frameworks */ = {
			isa = PBXFrameworksBuildPhase;
			buildActionMask = 2147483647;
			files = (
			);
			runOnlyForDeploymentPostprocessing = 0;
		};
/* End PBXFrameworksBuildPhase section */

/* Begin PBXGroup section */
		72383E6D291BD4890031A630 = {
			isa = PBXGroup;
			children = (
				72383E78291BD4890031A630 /* Marvel Comics */,
				72383E8A291BD48A0031A630 /* Marvel ComicsTests */,
				72383E77291BD4890031A630 /* Products */,
			);
			sourceTree = "<group>";
		};
		72383E77291BD4890031A630 /* Products */ = {
			isa = PBXGroup;
			children = (
				72383E76291BD4890031A630 /* Marvel Comics.app */,
				72383E87291BD48A0031A630 /* Marvel ComicsTests.xctest */,
			);
			name = Products;
			sourceTree = "<group>";
		};
		72383E78291BD4890031A630 /* Marvel Comics */ = {
			isa = PBXGroup;
			children = (
				726987E1291C0D6100E2FD02 /* Marvel-Comics-Info.plist */,
				72383E79291BD4890031A630 /* Marvel_ComicsApp.swift */,
				72383E7B291BD4890031A630 /* ContentView.swift */,
				72383E7D291BD48A0031A630 /* Assets.xcassets */,
				72383E7F291BD48A0031A630 /* Marvel_Comics.entitlements */,
				72383E80291BD48A0031A630 /* Preview Content */,
				726987DE291C060200E2FD02 /* Secrets.swift */,
				726987E0291C0CEB00E2FD02 /* marvelcomics_secrets.xcconfig */,
			);
			path = "Marvel Comics";
			sourceTree = "<group>";
		};
		72383E80291BD48A0031A630 /* Preview Content */ = {
			isa = PBXGroup;
			children = (
				72383E81291BD48A0031A630 /* Preview Assets.xcassets */,
			);
			path = "Preview Content";
			sourceTree = "<group>";
		};
		72383E8A291BD48A0031A630 /* Marvel ComicsTests */ = {
			isa = PBXGroup;
			children = (
				72383E8B291BD48A0031A630 /* Marvel_ComicsTests.swift */,
			);
			path = "Marvel ComicsTests";
			sourceTree = "<group>";
		};
/* End PBXGroup section */

/* Begin PBXNativeTarget section */
		72383E75291BD4890031A630 /* Marvel Comics */ = {
			isa = PBXNativeTarget;
			buildConfigurationList = 72383E9B291BD48A0031A630 /* Build configuration list for PBXNativeTarget "Marvel Comics" */;
			buildPhases = (
				72383E72291BD4890031A630 /* Sources */,
				72383E73291BD4890031A630 /* Frameworks */,
				72383E74291BD4890031A630 /* Resources */,
			);
			buildRules = (
			);
			dependencies = (
			);
			name = "Marvel Comics";
			productName = "Marvel Comics";
			productReference = 72383E76291BD4890031A630 /* Marvel Comics.app */;
			productType = "com.apple.product-type.application";
		};
		72383E86291BD48A0031A630 /* Marvel ComicsTests */ = {
			isa = PBXNativeTarget;
			buildConfigurationList = 72383E9E291BD48A0031A630 /* Build configuration list for PBXNativeTarget "Marvel ComicsTests" */;
			buildPhases = (
				72383E83291BD48A0031A630 /* Sources */,
				72383E84291BD48A0031A630 /* Frameworks */,
				72383E85291BD48A0031A630 /* Resources */,
			);
			buildRules = (
			);
			dependencies = (
				72383E89291BD48A0031A630 /* PBXTargetDependency */,
			);
			name = "Marvel ComicsTests";
			productName = "Marvel ComicsTests";
			productReference = 72383E87291BD48A0031A630 /* Marvel ComicsTests.xctest */;
			productType = "com.apple.product-type.bundle.unit-test";
		};
/* End PBXNativeTarget section */

/* Begin PBXProject section */
		72383E6E291BD4890031A630 /* Project object */ = {
			isa = PBXProject;
			attributes = {
				BuildIndependentTargetsInParallel = 1;
				LastSwiftUpdateCheck = 1400;
				LastUpgradeCheck = 1400;
				TargetAttributes = {
					72383E75291BD4890031A630 = {
						CreatedOnToolsVersion = 14.0.1;
					};
					72383E86291BD48A0031A630 = {
						CreatedOnToolsVersion = 14.0.1;
						TestTargetID = 72383E75291BD4890031A630;
					};
				};
			};
			buildConfigurationList = 72383E71291BD4890031A630 /* Build configuration list for PBXProject "Marvel Comics" */;
			compatibilityVersion = "Xcode 14.0";
			developmentRegion = en;
			hasScannedForEncodings = 0;
			knownRegions = (
				en,
				Base,
			);
			mainGroup = 72383E6D291BD4890031A630;
			productRefGroup = 72383E77291BD4890031A630 /* Products */;
			projectDirPath = "";
			projectRoot = "";
			targets = (
				72383E75291BD4890031A630 /* Marvel Comics */,
				72383E86291BD48A0031A630 /* Marvel ComicsTests */,
			);
		};
/* End PBXProject section */

/* Begin PBXResourcesBuildPhase section */
		72383E74291BD4890031A630 /* Resources */ = {
			isa = PBXResourcesBuildPhase;
			buildActionMask = 2147483647;
			files = (
				72383E82291BD48A0031A630 /* Preview Assets.xcassets in Resources */,
				72383E7E291BD48A0031A630 /* Assets.xcassets in Resources */,
			);
			runOnlyForDeploymentPostprocessing = 0;
		};
		72383E85291BD48A0031A630 /* Resources */ = {
			isa = PBXResourcesBuildPhase;
			buildActionMask = 2147483647;
			files = (
			);
			runOnlyForDeploymentPostprocessing = 0;
		};
/* End PBXResourcesBuildPhase section */

/* Begin PBXSourcesBuildPhase section */
		72383E72291BD4890031A630 /* Sources */ = {
			isa = PBXSourcesBuildPhase;
			buildActionMask = 2147483647;
			files = (
				72383E7C291BD4890031A630 /* ContentView.swift in Sources */,
				726987DF291C060200E2FD02 /* Secrets.swift in Sources */,
				72383E7A291BD4890031A630 /* Marvel_ComicsApp.swift in Sources */,
			);
			runOnlyForDeploymentPostprocessing = 0;
		};
		72383E83291BD48A0031A630 /* Sources */ = {
			isa = PBXSourcesBuildPhase;
			buildActionMask = 2147483647;
			files = (
				72383E8C291BD48A0031A630 /* Marvel_ComicsTests.swift in Sources */,
			);
			runOnlyForDeploymentPostprocessing = 0;
		};
/* End PBXSourcesBuildPhase section */

/* Begin PBXTargetDependency section */
		72383E89291BD48A0031A630 /* PBXTargetDependency */ = {
			isa = PBXTargetDependency;
			target = 72383E75291BD4890031A630 /* Marvel Comics */;
			targetProxy = 72383E88291BD48A0031A630 /* PBXContainerItemProxy */;
		};
/* End PBXTargetDependency section */

/* Begin XCBuildConfiguration section */
		72383E99291BD48A0031A630 /* Debug */ = {
			isa = XCBuildConfiguration;
			buildSettings = {
				ALWAYS_SEARCH_USER_PATHS = NO;
				CLANG_ANALYZER_NONNULL = YES;
				CLANG_ANALYZER_NUMBER_OBJECT_CONVERSION = YES_AGGRESSIVE;
				CLANG_CXX_LANGUAGE_STANDARD = "gnu++20";
				CLANG_ENABLE_MODULES = YES;
				CLANG_ENABLE_OBJC_ARC = YES;
				CLANG_ENABLE_OBJC_WEAK = YES;
				CLANG_WARN_BLOCK_CAPTURE_AUTORELEASING = YES;
				CLANG_WARN_BOOL_CONVERSION = YES;
				CLANG_WARN_COMMA = YES;
				CLANG_WARN_CONSTANT_CONVERSION = YES;
				CLANG_WARN_DEPRECATED_OBJC_IMPLEMENTATIONS = YES;
				CLANG_WARN_DIRECT_OBJC_ISA_USAGE = YES_ERROR;
				CLANG_WARN_DOCUMENTATION_COMMENTS = YES;
				CLANG_WARN_EMPTY_BODY = YES;
				CLANG_WARN_ENUM_CONVERSION = YES;
				CLANG_WARN_INFINITE_RECURSION = YES;
				CLANG_WARN_INT_CONVERSION = YES;
				CLANG_WARN_NON_LITERAL_NULL_CONVERSION = YES;
				CLANG_WARN_OBJC_IMPLICIT_RETAIN_SELF = YES;
				CLANG_WARN_OBJC_LITERAL_CONVERSION = YES;
				CLANG_WARN_OBJC_ROOT_CLASS = YES_ERROR;
				CLANG_WARN_QUOTED_INCLUDE_IN_FRAMEWORK_HEADER = YES;
				CLANG_WARN_RANGE_LOOP_ANALYSIS = YES;
				CLANG_WARN_STRICT_PROTOTYPES = YES;
				CLANG_WARN_SUSPICIOUS_MOVE = YES;
				CLANG_WARN_UNGUARDED_AVAILABILITY = YES_AGGRESSIVE;
				CLANG_WARN_UNREACHABLE_CODE = YES;
				CLANG_WARN__DUPLICATE_METHOD_MATCH = YES;
				COPY_PHASE_STRIP = NO;
				DEBUG_INFORMATION_FORMAT = dwarf;
				ENABLE_STRICT_OBJC_MSGSEND = YES;
				ENABLE_TESTABILITY = YES;
				GCC_C_LANGUAGE_STANDARD = gnu11;
				GCC_DYNAMIC_NO_PIC = NO;
				GCC_NO_COMMON_BLOCKS = YES;
				GCC_OPTIMIZATION_LEVEL = 0;
				GCC_PREPROCESSOR_DEFINITIONS = (
					"DEBUG=1",
					"$(inherited)",
				);
				GCC_WARN_64_TO_32_BIT_CONVERSION = YES;
				GCC_WARN_ABOUT_RETURN_TYPE = YES_ERROR;
				GCC_WARN_UNDECLARED_SELECTOR = YES;
				GCC_WARN_UNINITIALIZED_AUTOS = YES_AGGRESSIVE;
				GCC_WARN_UNUSED_FUNCTION = YES;
				GCC_WARN_UNUSED_VARIABLE = YES;
				MTL_ENABLE_DEBUG_INFO = INCLUDE_SOURCE;
				MTL_FAST_MATH = YES;
				ONLY_ACTIVE_ARCH = YES;
				SWIFT_ACTIVE_COMPILATION_CONDITIONS = DEBUG;
				SWIFT_OPTIMIZATION_LEVEL = "-Onone";
			};
			name = Debug;
		};
		72383E9A291BD48A0031A630 /* Release */ = {
			isa = XCBuildConfiguration;
			buildSettings = {
				ALWAYS_SEARCH_USER_PATHS = NO;
				CLANG_ANALYZER_NONNULL = YES;
				CLANG_ANALYZER_NUMBER_OBJECT_CONVERSION = YES_AGGRESSIVE;
				CLANG_CXX_LANGUAGE_STANDARD = "gnu++20";
				CLANG_ENABLE_MODULES = YES;
				CLANG_ENABLE_OBJC_ARC = YES;
				CLANG_ENABLE_OBJC_WEAK = YES;
				CLANG_WARN_BLOCK_CAPTURE_AUTORELEASING = YES;
				CLANG_WARN_BOOL_CONVERSION = YES;
				CLANG_WARN_COMMA = YES;
				CLANG_WARN_CONSTANT_CONVERSION = YES;
				CLANG_WARN_DEPRECATED_OBJC_IMPLEMENTATIONS = YES;
				CLANG_WARN_DIRECT_OBJC_ISA_USAGE = YES_ERROR;
				CLANG_WARN_DOCUMENTATION_COMMENTS = YES;
				CLANG_WARN_EMPTY_BODY = YES;
				CLANG_WARN_ENUM_CONVERSION = YES;
				CLANG_WARN_INFINITE_RECURSION = YES;
				CLANG_WARN_INT_CONVERSION = YES;
				CLANG_WARN_NON_LITERAL_NULL_CONVERSION = YES;
				CLANG_WARN_OBJC_IMPLICIT_RETAIN_SELF = YES;
				CLANG_WARN_OBJC_LITERAL_CONVERSION = YES;
				CLANG_WARN_OBJC_ROOT_CLASS = YES_ERROR;
				CLANG_WARN_QUOTED_INCLUDE_IN_FRAMEWORK_HEADER = YES;
				CLANG_WARN_RANGE_LOOP_ANALYSIS = YES;
				CLANG_WARN_STRICT_PROTOTYPES = YES;
				CLANG_WARN_SUSPICIOUS_MOVE = YES;
				CLANG_WARN_UNGUARDED_AVAILABILITY = YES_AGGRESSIVE;
				CLANG_WARN_UNREACHABLE_CODE = YES;
				CLANG_WARN__DUPLICATE_METHOD_MATCH = YES;
				COPY_PHASE_STRIP = NO;
				DEBUG_INFORMATION_FORMAT = "dwarf-with-dsym";
				ENABLE_NS_ASSERTIONS = NO;
				ENABLE_STRICT_OBJC_MSGSEND = YES;
				GCC_C_LANGUAGE_STANDARD = gnu11;
				GCC_NO_COMMON_BLOCKS = YES;
				GCC_WARN_64_TO_32_BIT_CONVERSION = YES;
				GCC_WARN_ABOUT_RETURN_TYPE = YES_ERROR;
				GCC_WARN_UNDECLARED_SELECTOR = YES;
				GCC_WARN_UNINITIALIZED_AUTOS = YES_AGGRESSIVE;
				GCC_WARN_UNUSED_FUNCTION = YES;
				GCC_WARN_UNUSED_VARIABLE = YES;
				MTL_ENABLE_DEBUG_INFO = NO;
				MTL_FAST_MATH = YES;
				SWIFT_COMPILATION_MODE = wholemodule;
				SWIFT_OPTIMIZATION_LEVEL = "-O";
			};
			name = Release;
		};
		72383E9C291BD48A0031A630 /* Debug */ = {
			isa = XCBuildConfiguration;
			baseConfigurationReference = 726987E0291C0CEB00E2FD02 /* marvelcomics_secrets.xcconfig */;
			buildSettings = {
				ASSETCATALOG_COMPILER_APPICON_NAME = AppIcon;
				ASSETCATALOG_COMPILER_GLOBAL_ACCENT_COLOR_NAME = AccentColor;
				CODE_SIGN_ENTITLEMENTS = "Marvel Comics/Marvel_Comics.entitlements";
				CODE_SIGN_STYLE = Automatic;
				CURRENT_PROJECT_VERSION = 1;
				DEVELOPMENT_ASSET_PATHS = "\"Marvel Comics/Preview Content\"";
				ENABLE_PREVIEWS = YES;
				GENERATE_INFOPLIST_FILE = YES;
				INFOPLIST_FILE = "Marvel-Comics-Info.plist";
				"INFOPLIST_KEY_UIApplicationSceneManifest_Generation[sdk=iphoneos*]" = YES;
				"INFOPLIST_KEY_UIApplicationSceneManifest_Generation[sdk=iphonesimulator*]" = YES;
				"INFOPLIST_KEY_UIApplicationSupportsIndirectInputEvents[sdk=iphoneos*]" = YES;
				"INFOPLIST_KEY_UIApplicationSupportsIndirectInputEvents[sdk=iphonesimulator*]" = YES;
				"INFOPLIST_KEY_UILaunchScreen_Generation[sdk=iphoneos*]" = YES;
				"INFOPLIST_KEY_UILaunchScreen_Generation[sdk=iphonesimulator*]" = YES;
				"INFOPLIST_KEY_UIStatusBarStyle[sdk=iphoneos*]" = UIStatusBarStyleDefault;
				"INFOPLIST_KEY_UIStatusBarStyle[sdk=iphonesimulator*]" = UIStatusBarStyleDefault;
				INFOPLIST_KEY_UISupportedInterfaceOrientations_iPad = "UIInterfaceOrientationPortrait UIInterfaceOrientationPortraitUpsideDown UIInterfaceOrientationLandscapeLeft UIInterfaceOrientationLandscapeRight";
				INFOPLIST_KEY_UISupportedInterfaceOrientations_iPhone = "UIInterfaceOrientationPortrait UIInterfaceOrientationLandscapeLeft UIInterfaceOrientationLandscapeRight";
				IPHONEOS_DEPLOYMENT_TARGET = 16.0;
				LD_RUNPATH_SEARCH_PATHS = "@executable_path/Frameworks";
				"LD_RUNPATH_SEARCH_PATHS[sdk=macosx*]" = "@executable_path/../Frameworks";
				MACOSX_DEPLOYMENT_TARGET = 12.3;
				MARKETING_VERSION = 1.0;
				PRODUCT_BUNDLE_IDENTIFIER = "com.gryphonmedia.Marvel-Comics";
				PRODUCT_NAME = "$(TARGET_NAME)";
				SDKROOT = auto;
				SUPPORTED_PLATFORMS = "iphoneos iphonesimulator macosx";
				SWIFT_EMIT_LOC_STRINGS = YES;
				SWIFT_VERSION = 5.0;
				TARGETED_DEVICE_FAMILY = "1,2";
			};
			name = Debug;
		};
		72383E9D291BD48A0031A630 /* Release */ = {
			isa = XCBuildConfiguration;
			baseConfigurationReference = 726987E0291C0CEB00E2FD02 /* marvelcomics_secrets.xcconfig */;
			buildSettings = {
				ASSETCATALOG_COMPILER_APPICON_NAME = AppIcon;
				ASSETCATALOG_COMPILER_GLOBAL_ACCENT_COLOR_NAME = AccentColor;
				CODE_SIGN_ENTITLEMENTS = "Marvel Comics/Marvel_Comics.entitlements";
				CODE_SIGN_STYLE = Automatic;
				CURRENT_PROJECT_VERSION = 1;
				DEVELOPMENT_ASSET_PATHS = "\"Marvel Comics/Preview Content\"";
				ENABLE_PREVIEWS = YES;
				GENERATE_INFOPLIST_FILE = YES;
				INFOPLIST_FILE = "Marvel-Comics-Info.plist";
				"INFOPLIST_KEY_UIApplicationSceneManifest_Generation[sdk=iphoneos*]" = YES;
				"INFOPLIST_KEY_UIApplicationSceneManifest_Generation[sdk=iphonesimulator*]" = YES;
				"INFOPLIST_KEY_UIApplicationSupportsIndirectInputEvents[sdk=iphoneos*]" = YES;
				"INFOPLIST_KEY_UIApplicationSupportsIndirectInputEvents[sdk=iphonesimulator*]" = YES;
				"INFOPLIST_KEY_UILaunchScreen_Generation[sdk=iphoneos*]" = YES;
				"INFOPLIST_KEY_UILaunchScreen_Generation[sdk=iphonesimulator*]" = YES;
				"INFOPLIST_KEY_UIStatusBarStyle[sdk=iphoneos*]" = UIStatusBarStyleDefault;
				"INFOPLIST_KEY_UIStatusBarStyle[sdk=iphonesimulator*]" = UIStatusBarStyleDefault;
				INFOPLIST_KEY_UISupportedInterfaceOrientations_iPad = "UIInterfaceOrientationPortrait UIInterfaceOrientationPortraitUpsideDown UIInterfaceOrientationLandscapeLeft UIInterfaceOrientationLandscapeRight";
				INFOPLIST_KEY_UISupportedInterfaceOrientations_iPhone = "UIInterfaceOrientationPortrait UIInterfaceOrientationLandscapeLeft UIInterfaceOrientationLandscapeRight";
				IPHONEOS_DEPLOYMENT_TARGET = 16.0;
				LD_RUNPATH_SEARCH_PATHS = "@executable_path/Frameworks";
				"LD_RUNPATH_SEARCH_PATHS[sdk=macosx*]" = "@executable_path/../Frameworks";
				MACOSX_DEPLOYMENT_TARGET = 12.3;
				MARKETING_VERSION = 1.0;
				PRODUCT_BUNDLE_IDENTIFIER = "com.gryphonmedia.Marvel-Comics";
				PRODUCT_NAME = "$(TARGET_NAME)";
				SDKROOT = auto;
				SUPPORTED_PLATFORMS = "iphoneos iphonesimulator macosx";
				SWIFT_EMIT_LOC_STRINGS = YES;
				SWIFT_VERSION = 5.0;
				TARGETED_DEVICE_FAMILY = "1,2";
			};
			name = Release;
		};
		72383E9F291BD48A0031A630 /* Debug */ = {
			isa = XCBuildConfiguration;
			buildSettings = {
				ALWAYS_EMBED_SWIFT_STANDARD_LIBRARIES = YES;
				BUNDLE_LOADER = "$(TEST_HOST)";
				CODE_SIGN_STYLE = Automatic;
				CURRENT_PROJECT_VERSION = 1;
				GENERATE_INFOPLIST_FILE = YES;
				IPHONEOS_DEPLOYMENT_TARGET = 16.0;
				MACOSX_DEPLOYMENT_TARGET = 12.3;
				MARKETING_VERSION = 1.0;
				PRODUCT_BUNDLE_IDENTIFIER = "com.gryphonmedia.Marvel-ComicsTests";
				PRODUCT_NAME = "$(TARGET_NAME)";
				SDKROOT = auto;
				SUPPORTED_PLATFORMS = "iphoneos iphonesimulator macosx";
				SWIFT_EMIT_LOC_STRINGS = NO;
				SWIFT_VERSION = 5.0;
				TARGETED_DEVICE_FAMILY = "1,2";
				TEST_HOST = "$(BUILT_PRODUCTS_DIR)/Marvel Comics.app/$(BUNDLE_EXECUTABLE_FOLDER_PATH)/Marvel Comics";
			};
			name = Debug;
		};
		72383EA0291BD48A0031A630 /* Release */ = {
			isa = XCBuildConfiguration;
			buildSettings = {
				ALWAYS_EMBED_SWIFT_STANDARD_LIBRARIES = YES;
				BUNDLE_LOADER = "$(TEST_HOST)";
				CODE_SIGN_STYLE = Automatic;
				CURRENT_PROJECT_VERSION = 1;
				GENERATE_INFOPLIST_FILE = YES;
				IPHONEOS_DEPLOYMENT_TARGET = 16.0;
				MACOSX_DEPLOYMENT_TARGET = 12.3;
				MARKETING_VERSION = 1.0;
				PRODUCT_BUNDLE_IDENTIFIER = "com.gryphonmedia.Marvel-ComicsTests";
				PRODUCT_NAME = "$(TARGET_NAME)";
				SDKROOT = auto;
				SUPPORTED_PLATFORMS = "iphoneos iphonesimulator macosx";
				SWIFT_EMIT_LOC_STRINGS = NO;
				SWIFT_VERSION = 5.0;
				TARGETED_DEVICE_FAMILY = "1,2";
				TEST_HOST = "$(BUILT_PRODUCTS_DIR)/Marvel Comics.app/$(BUNDLE_EXECUTABLE_FOLDER_PATH)/Marvel Comics";
			};
			name = Release;
		};
/* End XCBuildConfiguration section */

/* Begin XCConfigurationList section */
		72383E71291BD4890031A630 /* Build configuration list for PBXProject "Marvel Comics" */ = {
			isa = XCConfigurationList;
			buildConfigurations = (
				72383E99291BD48A0031A630 /* Debug */,
				72383E9A291BD48A0031A630 /* Release */,
			);
			defaultConfigurationIsVisible = 0;
			defaultConfigurationName = Release;
		};
		72383E9B291BD48A0031A630 /* Build configuration list for PBXNativeTarget "Marvel Comics" */ = {
			isa = XCConfigurationList;
			buildConfigurations = (
				72383E9C291BD48A0031A630 /* Debug */,
				72383E9D291BD48A0031A630 /* Release */,
			);
			defaultConfigurationIsVisible = 0;
			defaultConfigurationName = Release;
		};
		72383E9E291BD48A0031A630 /* Build configuration list for PBXNativeTarget "Marvel ComicsTests" */ = {
			isa = XCConfigurationList;
			buildConfigurations = (
				72383E9F291BD48A0031A630 /* Debug */,
				72383EA0291BD48A0031A630 /* Release */,
			);
			defaultConfigurationIsVisible = 0;
			defaultConfigurationName = Release;
		};
/* End XCConfigurationList section */
	};
	rootObject = 72383E6E291BD4890031A630 /* Project object */;
}
