// !$*UTF8*$!
{
	archiveVersion = 1;
	classes = {
	};
	objectVersion = 56;
	objects = {

/* Begin PBXBuildFile section */
		72383E7A291BD4890031A630 /* Marvel_ComicsApp.swift in Sources */ = {isa = PBXBuildFile; fileRef = 72383E79291BD4890031A630 /* Marvel_ComicsApp.swift */; };
		72383E7E291BD48A0031A630 /* Assets.xcassets in Resources */ = {isa = PBXBuildFile; fileRef = 72383E7D291BD48A0031A630 /* Assets.xcassets */; };
		72383E82291BD48A0031A630 /* Preview Assets.xcassets in Resources */ = {isa = PBXBuildFile; fileRef = 72383E81291BD48A0031A630 /* Preview Assets.xcassets */; };
		726987DF291C060200E2FD02 /* Secrets.swift in Sources */ = {isa = PBXBuildFile; fileRef = 726987DE291C060200E2FD02 /* Secrets.swift */; };
		726987E7291C30D000E2FD02 /* ComicsStore.swift in Sources */ = {isa = PBXBuildFile; fileRef = 726987E6291C30D000E2FD02 /* ComicsStore.swift */; };
		726987EB291C321B00E2FD02 /* Comic.swift in Sources */ = {isa = PBXBuildFile; fileRef = 726987EA291C321B00E2FD02 /* Comic.swift */; };
		726987EF291C3BDD00E2FD02 /* ComicTests.swift in Sources */ = {isa = PBXBuildFile; fileRef = 726987EE291C3BDD00E2FD02 /* ComicTests.swift */; };
		726987F1291C3C0A00E2FD02 /* comics_sample.json in Resources */ = {isa = PBXBuildFile; fileRef = 726987F0291C3C0A00E2FD02 /* comics_sample.json */; };
		726987F3291C46EA00E2FD02 /* Endpoint.swift in Sources */ = {isa = PBXBuildFile; fileRef = 726987F2291C46EA00E2FD02 /* Endpoint.swift */; };
		726987F6291C493E00E2FD02 /* NetworkService.swift in Sources */ = {isa = PBXBuildFile; fileRef = 726987F5291C493E00E2FD02 /* NetworkService.swift */; };
		726987F8291C4ABC00E2FD02 /* Endpoint+Comic.swift in Sources */ = {isa = PBXBuildFile; fileRef = 726987F7291C4ABC00E2FD02 /* Endpoint+Comic.swift */; };
		726987FC291C4CB500E2FD02 /* Endpoint_ComicTests.swift in Sources */ = {isa = PBXBuildFile; fileRef = 726987FB291C4CB500E2FD02 /* Endpoint_ComicTests.swift */; };
		726987FE291C50BB00E2FD02 /* ComicsRepository.swift in Sources */ = {isa = PBXBuildFile; fileRef = 726987FD291C50BB00E2FD02 /* ComicsRepository.swift */; };
		72698805291C519F00E2FD02 /* TextObject.swift in Sources */ = {isa = PBXBuildFile; fileRef = 72698804291C519F00E2FD02 /* TextObject.swift */; };
		72698807291C51BA00E2FD02 /* ComicURL.swift in Sources */ = {isa = PBXBuildFile; fileRef = 72698806291C51BA00E2FD02 /* ComicURL.swift */; };
		72698809291C51CC00E2FD02 /* SeriesSummary.swift in Sources */ = {isa = PBXBuildFile; fileRef = 72698808291C51CC00E2FD02 /* SeriesSummary.swift */; };
		7269880B291C51DE00E2FD02 /* ComicSummary.swift in Sources */ = {isa = PBXBuildFile; fileRef = 7269880A291C51DE00E2FD02 /* ComicSummary.swift */; };
		7269880D291C51F000E2FD02 /* ComicDate.swift in Sources */ = {isa = PBXBuildFile; fileRef = 7269880C291C51F000E2FD02 /* ComicDate.swift */; };
		7269880F291C520300E2FD02 /* ComicPrice.swift in Sources */ = {isa = PBXBuildFile; fileRef = 7269880E291C520300E2FD02 /* ComicPrice.swift */; };
		72698811291C521A00E2FD02 /* ComicImage.swift in Sources */ = {isa = PBXBuildFile; fileRef = 72698810291C521A00E2FD02 /* ComicImage.swift */; };
		72698813291C522E00E2FD02 /* CreatorList.swift in Sources */ = {isa = PBXBuildFile; fileRef = 72698812291C522E00E2FD02 /* CreatorList.swift */; };
		72698815291C524E00E2FD02 /* CreatorSummary.swift in Sources */ = {isa = PBXBuildFile; fileRef = 72698814291C524E00E2FD02 /* CreatorSummary.swift */; };
		72698817291C525D00E2FD02 /* CharacterList.swift in Sources */ = {isa = PBXBuildFile; fileRef = 72698816291C525D00E2FD02 /* CharacterList.swift */; };
		72698819291C526A00E2FD02 /* CharacterSummary.swift in Sources */ = {isa = PBXBuildFile; fileRef = 72698818291C526A00E2FD02 /* CharacterSummary.swift */; };
		7269881B291C527600E2FD02 /* StoryList.swift in Sources */ = {isa = PBXBuildFile; fileRef = 7269881A291C527600E2FD02 /* StoryList.swift */; };
		7269881D291C528500E2FD02 /* StorySummary.swift in Sources */ = {isa = PBXBuildFile; fileRef = 7269881C291C528500E2FD02 /* StorySummary.swift */; };
		7269881F291C529600E2FD02 /* EventList.swift in Sources */ = {isa = PBXBuildFile; fileRef = 7269881E291C529600E2FD02 /* EventList.swift */; };
		72698821291C52A200E2FD02 /* EventSummary.swift in Sources */ = {isa = PBXBuildFile; fileRef = 72698820291C52A200E2FD02 /* EventSummary.swift */; };
		72698823291C533500E2FD02 /* ComicEntity.swift in Sources */ = {isa = PBXBuildFile; fileRef = 72698822291C533500E2FD02 /* ComicEntity.swift */; };
		72698825291C563D00E2FD02 /* ComicsAPI.swift in Sources */ = {isa = PBXBuildFile; fileRef = 72698824291C563D00E2FD02 /* ComicsAPI.swift */; };
		72698827291C56FB00E2FD02 /* RemoteComicsRepository.swift in Sources */ = {isa = PBXBuildFile; fileRef = 72698826291C56FB00E2FD02 /* RemoteComicsRepository.swift */; };
		72698829291C5AA900E2FD02 /* NetworkClient.swift in Sources */ = {isa = PBXBuildFile; fileRef = 72698828291C5AA900E2FD02 /* NetworkClient.swift */; };
		7269882D291C618D00E2FD02 /* LibraryView.swift in Sources */ = {isa = PBXBuildFile; fileRef = 7269882C291C618D00E2FD02 /* LibraryView.swift */; };
		72698830291C620200E2FD02 /* AppCoordinator.swift in Sources */ = {isa = PBXBuildFile; fileRef = 7269882F291C620200E2FD02 /* AppCoordinator.swift */; };
		72698832291C629E00E2FD02 /* LibraryViewModel.swift in Sources */ = {isa = PBXBuildFile; fileRef = 72698831291C629E00E2FD02 /* LibraryViewModel.swift */; };
		72698835291C69EE00E2FD02 /* ComicResponse.swift in Sources */ = {isa = PBXBuildFile; fileRef = 72698834291C69EE00E2FD02 /* ComicResponse.swift */; };
/* End PBXBuildFile section */

/* Begin PBXContainerItemProxy section */
		72383E88291BD48A0031A630 /* PBXContainerItemProxy */ = {
			isa = PBXContainerItemProxy;
			containerPortal = 72383E6E291BD4890031A630 /* Project object */;
			proxyType = 1;
			remoteGlobalIDString = 72383E75291BD4890031A630;
			remoteInfo = "Marvel Comics";
		};
/* End PBXContainerItemProxy section */

/* Begin PBXFileReference section */
		72383E76291BD4890031A630 /* Marvel Comics.app */ = {isa = PBXFileReference; explicitFileType = wrapper.application; includeInIndex = 0; path = "Marvel Comics.app"; sourceTree = BUILT_PRODUCTS_DIR; };
		72383E79291BD4890031A630 /* Marvel_ComicsApp.swift */ = {isa = PBXFileReference; lastKnownFileType = sourcecode.swift; path = Marvel_ComicsApp.swift; sourceTree = "<group>"; };
		72383E7D291BD48A0031A630 /* Assets.xcassets */ = {isa = PBXFileReference; lastKnownFileType = folder.assetcatalog; path = Assets.xcassets; sourceTree = "<group>"; };
		72383E7F291BD48A0031A630 /* Marvel_Comics.entitlements */ = {isa = PBXFileReference; lastKnownFileType = text.plist.entitlements; path = Marvel_Comics.entitlements; sourceTree = "<group>"; };
		72383E81291BD48A0031A630 /* Preview Assets.xcassets */ = {isa = PBXFileReference; lastKnownFileType = folder.assetcatalog; path = "Preview Assets.xcassets"; sourceTree = "<group>"; };
		72383E87291BD48A0031A630 /* Marvel ComicsTests.xctest */ = {isa = PBXFileReference; explicitFileType = wrapper.cfbundle; includeInIndex = 0; path = "Marvel ComicsTests.xctest"; sourceTree = BUILT_PRODUCTS_DIR; };
		726987DE291C060200E2FD02 /* Secrets.swift */ = {isa = PBXFileReference; lastKnownFileType = sourcecode.swift; path = Secrets.swift; sourceTree = "<group>"; };
		726987E1291C0D6100E2FD02 /* Marvel-Comics-Info.plist */ = {isa = PBXFileReference; lastKnownFileType = text.plist; path = "Marvel-Comics-Info.plist"; sourceTree = SOURCE_ROOT; };
		726987E6291C30D000E2FD02 /* ComicsStore.swift */ = {isa = PBXFileReference; lastKnownFileType = sourcecode.swift; path = ComicsStore.swift; sourceTree = "<group>"; };
		726987EA291C321B00E2FD02 /* Comic.swift */ = {isa = PBXFileReference; lastKnownFileType = sourcecode.swift; path = Comic.swift; sourceTree = "<group>"; };
		726987EE291C3BDD00E2FD02 /* ComicTests.swift */ = {isa = PBXFileReference; lastKnownFileType = sourcecode.swift; path = ComicTests.swift; sourceTree = "<group>"; };
		726987F0291C3C0A00E2FD02 /* comics_sample.json */ = {isa = PBXFileReference; lastKnownFileType = text.json; path = comics_sample.json; sourceTree = "<group>"; };
		726987F2291C46EA00E2FD02 /* Endpoint.swift */ = {isa = PBXFileReference; lastKnownFileType = sourcecode.swift; path = Endpoint.swift; sourceTree = "<group>"; };
		726987F5291C493E00E2FD02 /* NetworkService.swift */ = {isa = PBXFileReference; lastKnownFileType = sourcecode.swift; path = NetworkService.swift; sourceTree = "<group>"; };
		726987F7291C4ABC00E2FD02 /* Endpoint+Comic.swift */ = {isa = PBXFileReference; lastKnownFileType = sourcecode.swift; path = "Endpoint+Comic.swift"; sourceTree = "<group>"; };
		726987FB291C4CB500E2FD02 /* Endpoint_ComicTests.swift */ = {isa = PBXFileReference; lastKnownFileType = sourcecode.swift; path = Endpoint_ComicTests.swift; sourceTree = "<group>"; };
		726987FD291C50BB00E2FD02 /* ComicsRepository.swift */ = {isa = PBXFileReference; lastKnownFileType = sourcecode.swift; path = ComicsRepository.swift; sourceTree = "<group>"; };
		72698804291C519F00E2FD02 /* TextObject.swift */ = {isa = PBXFileReference; lastKnownFileType = sourcecode.swift; path = TextObject.swift; sourceTree = "<group>"; };
		72698806291C51BA00E2FD02 /* ComicURL.swift */ = {isa = PBXFileReference; lastKnownFileType = sourcecode.swift; path = ComicURL.swift; sourceTree = "<group>"; };
		72698808291C51CC00E2FD02 /* SeriesSummary.swift */ = {isa = PBXFileReference; lastKnownFileType = sourcecode.swift; path = SeriesSummary.swift; sourceTree = "<group>"; };
		7269880A291C51DE00E2FD02 /* ComicSummary.swift */ = {isa = PBXFileReference; lastKnownFileType = sourcecode.swift; path = ComicSummary.swift; sourceTree = "<group>"; };
		7269880C291C51F000E2FD02 /* ComicDate.swift */ = {isa = PBXFileReference; lastKnownFileType = sourcecode.swift; path = ComicDate.swift; sourceTree = "<group>"; };
		7269880E291C520300E2FD02 /* ComicPrice.swift */ = {isa = PBXFileReference; lastKnownFileType = sourcecode.swift; path = ComicPrice.swift; sourceTree = "<group>"; };
		72698810291C521A00E2FD02 /* ComicImage.swift */ = {isa = PBXFileReference; lastKnownFileType = sourcecode.swift; path = ComicImage.swift; sourceTree = "<group>"; };
		72698812291C522E00E2FD02 /* CreatorList.swift */ = {isa = PBXFileReference; lastKnownFileType = sourcecode.swift; path = CreatorList.swift; sourceTree = "<group>"; };
		72698814291C524E00E2FD02 /* CreatorSummary.swift */ = {isa = PBXFileReference; lastKnownFileType = sourcecode.swift; path = CreatorSummary.swift; sourceTree = "<group>"; };
		72698816291C525D00E2FD02 /* CharacterList.swift */ = {isa = PBXFileReference; lastKnownFileType = sourcecode.swift; path = CharacterList.swift; sourceTree = "<group>"; };
		72698818291C526A00E2FD02 /* CharacterSummary.swift */ = {isa = PBXFileReference; lastKnownFileType = sourcecode.swift; path = CharacterSummary.swift; sourceTree = "<group>"; };
		7269881A291C527600E2FD02 /* StoryList.swift */ = {isa = PBXFileReference; lastKnownFileType = sourcecode.swift; path = StoryList.swift; sourceTree = "<group>"; };
		7269881C291C528500E2FD02 /* StorySummary.swift */ = {isa = PBXFileReference; lastKnownFileType = sourcecode.swift; path = StorySummary.swift; sourceTree = "<group>"; };
		7269881E291C529600E2FD02 /* EventList.swift */ = {isa = PBXFileReference; lastKnownFileType = sourcecode.swift; path = EventList.swift; sourceTree = "<group>"; };
		72698820291C52A200E2FD02 /* EventSummary.swift */ = {isa = PBXFileReference; lastKnownFileType = sourcecode.swift; path = EventSummary.swift; sourceTree = "<group>"; };
		72698822291C533500E2FD02 /* ComicEntity.swift */ = {isa = PBXFileReference; lastKnownFileType = sourcecode.swift; path = ComicEntity.swift; sourceTree = "<group>"; };
		72698824291C563D00E2FD02 /* ComicsAPI.swift */ = {isa = PBXFileReference; lastKnownFileType = sourcecode.swift; path = ComicsAPI.swift; sourceTree = "<group>"; };
		72698826291C56FB00E2FD02 /* RemoteComicsRepository.swift */ = {isa = PBXFileReference; lastKnownFileType = sourcecode.swift; path = RemoteComicsRepository.swift; sourceTree = "<group>"; };
		72698828291C5AA900E2FD02 /* NetworkClient.swift */ = {isa = PBXFileReference; lastKnownFileType = sourcecode.swift; path = NetworkClient.swift; sourceTree = "<group>"; };
		7269882C291C618D00E2FD02 /* LibraryView.swift */ = {isa = PBXFileReference; lastKnownFileType = sourcecode.swift; path = LibraryView.swift; sourceTree = "<group>"; };
		7269882F291C620200E2FD02 /* AppCoordinator.swift */ = {isa = PBXFileReference; lastKnownFileType = sourcecode.swift; path = AppCoordinator.swift; sourceTree = "<group>"; };
		72698831291C629E00E2FD02 /* LibraryViewModel.swift */ = {isa = PBXFileReference; lastKnownFileType = sourcecode.swift; path = LibraryViewModel.swift; sourceTree = "<group>"; };
		72698834291C69EE00E2FD02 /* ComicResponse.swift */ = {isa = PBXFileReference; lastKnownFileType = sourcecode.swift; path = ComicResponse.swift; sourceTree = "<group>"; };
		72698837291C70D800E2FD02 /* marvelcomics_secrets.xcconfig */ = {isa = PBXFileReference; lastKnownFileType = text.xcconfig; path = marvelcomics_secrets.xcconfig; sourceTree = "<group>"; };
/* End PBXFileReference section */

/* Begin PBXFrameworksBuildPhase section */
		72383E73291BD4890031A630 /* Frameworks */ = {
			isa = PBXFrameworksBuildPhase;
			buildActionMask = 2147483647;
			files = (
			);
			runOnlyForDeploymentPostprocessing = 0;
		};
		72383E84291BD48A0031A630 /* Frameworks */ = {
			isa = PBXFrameworksBuildPhase;
			buildActionMask = 2147483647;
			files = (
			);
			runOnlyForDeploymentPostprocessing = 0;
		};
/* End PBXFrameworksBuildPhase section */

/* Begin PBXGroup section */
		72383E6D291BD4890031A630 = {
			isa = PBXGroup;
			children = (
				72383E78291BD4890031A630 /* Marvel Comics */,
				72383E8A291BD48A0031A630 /* Marvel ComicsTests */,
				72383E77291BD4890031A630 /* Products */,
			);
			sourceTree = "<group>";
		};
		72383E77291BD4890031A630 /* Products */ = {
			isa = PBXGroup;
			children = (
				72383E76291BD4890031A630 /* Marvel Comics.app */,
				72383E87291BD48A0031A630 /* Marvel ComicsTests.xctest */,
			);
			name = Products;
			sourceTree = "<group>";
		};
		72383E78291BD4890031A630 /* Marvel Comics */ = {
			isa = PBXGroup;
			children = (
				726987E1291C0D6100E2FD02 /* Marvel-Comics-Info.plist */,
				72383E7D291BD48A0031A630 /* Assets.xcassets */,
				72383E7F291BD48A0031A630 /* Marvel_Comics.entitlements */,
				72383E80291BD48A0031A630 /* Preview Content */,
				7269882A291C5AAD00E2FD02 /* app */,
				726987E8291C30D600E2FD02 /* data */,
				726987FF291C512B00E2FD02 /* domain */,
				7269882E291C61AD00E2FD02 /* presentation */,
			);
			path = "Marvel Comics";
			sourceTree = "<group>";
		};
		72383E80291BD48A0031A630 /* Preview Content */ = {
			isa = PBXGroup;
			children = (
				72383E81291BD48A0031A630 /* Preview Assets.xcassets */,
			);
			path = "Preview Content";
			sourceTree = "<group>";
		};
		72383E8A291BD48A0031A630 /* Marvel ComicsTests */ = {
			isa = PBXGroup;
			children = (
				726987EE291C3BDD00E2FD02 /* ComicTests.swift */,
				726987FB291C4CB500E2FD02 /* Endpoint_ComicTests.swift */,
				726987F0291C3C0A00E2FD02 /* comics_sample.json */,
			);
			path = "Marvel ComicsTests";
			sourceTree = "<group>";
		};
		726987E8291C30D600E2FD02 /* data */ = {
			isa = PBXGroup;
			children = (
				726987E9291C30E100E2FD02 /* comics */,
				726987F4291C479900E2FD02 /* networking */,
			);
			path = data;
			sourceTree = "<group>";
		};
		726987E9291C30E100E2FD02 /* comics */ = {
			isa = PBXGroup;
			children = (
				72698802291C515B00E2FD02 /* api */,
				72698803291C516400E2FD02 /* model */,
				72698836291C6C5500E2FD02 /* repositories */,
			);
			path = comics;
			sourceTree = "<group>";
		};
		726987F4291C479900E2FD02 /* networking */ = {
			isa = PBXGroup;
			children = (
				726987F2291C46EA00E2FD02 /* Endpoint.swift */,
				726987F5291C493E00E2FD02 /* NetworkService.swift */,
			);
			path = networking;
			sourceTree = "<group>";
		};
		726987FF291C512B00E2FD02 /* domain */ = {
			isa = PBXGroup;
			children = (
				72698800291C513F00E2FD02 /* comics */,
			);
			path = domain;
			sourceTree = "<group>";
		};
		72698800291C513F00E2FD02 /* comics */ = {
			isa = PBXGroup;
			children = (
				72698801291C514B00E2FD02 /* repository */,
				72698822291C533500E2FD02 /* ComicEntity.swift */,
			);
			path = comics;
			sourceTree = "<group>";
		};
		72698801291C514B00E2FD02 /* repository */ = {
			isa = PBXGroup;
			children = (
				726987FD291C50BB00E2FD02 /* ComicsRepository.swift */,
			);
			path = repository;
			sourceTree = "<group>";
		};
		72698802291C515B00E2FD02 /* api */ = {
			isa = PBXGroup;
			children = (
				726987E6291C30D000E2FD02 /* ComicsStore.swift */,
				726987F7291C4ABC00E2FD02 /* Endpoint+Comic.swift */,
				72698824291C563D00E2FD02 /* ComicsAPI.swift */,
			);
			path = api;
			sourceTree = "<group>";
		};
		72698803291C516400E2FD02 /* model */ = {
			isa = PBXGroup;
			children = (
				7269881E291C529600E2FD02 /* EventList.swift */,
				72698820291C52A200E2FD02 /* EventSummary.swift */,
				72698816291C525D00E2FD02 /* CharacterList.swift */,
				72698818291C526A00E2FD02 /* CharacterSummary.swift */,
				726987EA291C321B00E2FD02 /* Comic.swift */,
				7269880C291C51F000E2FD02 /* ComicDate.swift */,
				72698810291C521A00E2FD02 /* ComicImage.swift */,
				7269880E291C520300E2FD02 /* ComicPrice.swift */,
				7269880A291C51DE00E2FD02 /* ComicSummary.swift */,
				72698806291C51BA00E2FD02 /* ComicURL.swift */,
				72698812291C522E00E2FD02 /* CreatorList.swift */,
				72698814291C524E00E2FD02 /* CreatorSummary.swift */,
				72698808291C51CC00E2FD02 /* SeriesSummary.swift */,
				7269881A291C527600E2FD02 /* StoryList.swift */,
				7269881C291C528500E2FD02 /* StorySummary.swift */,
				72698804291C519F00E2FD02 /* TextObject.swift */,
				72698834291C69EE00E2FD02 /* ComicResponse.swift */,
			);
			path = model;
			sourceTree = "<group>";
		};
		7269882A291C5AAD00E2FD02 /* app */ = {
			isa = PBXGroup;
			children = (
				7269882F291C620200E2FD02 /* AppCoordinator.swift */,
				72383E79291BD4890031A630 /* Marvel_ComicsApp.swift */,
				7269882B291C5AE600E2FD02 /* support */,
			);
			path = app;
			sourceTree = "<group>";
		};
		7269882B291C5AE600E2FD02 /* support */ = {
			isa = PBXGroup;
			children = (
				72698837291C70D800E2FD02 /* marvelcomics_secrets.xcconfig */,
				72698828291C5AA900E2FD02 /* NetworkClient.swift */,
				726987DE291C060200E2FD02 /* Secrets.swift */,
			);
			path = support;
			sourceTree = "<group>";
		};
		7269882E291C61AD00E2FD02 /* presentation */ = {
			isa = PBXGroup;
			children = (
				72698833291C67C700E2FD02 /* library */,
			);
			path = presentation;
			sourceTree = "<group>";
		};
		72698833291C67C700E2FD02 /* library */ = {
			isa = PBXGroup;
			children = (
				7269882C291C618D00E2FD02 /* LibraryView.swift */,
				72698831291C629E00E2FD02 /* LibraryViewModel.swift */,
			);
			path = library;
			sourceTree = "<group>";
		};
		72698836291C6C5500E2FD02 /* repositories */ = {
			isa = PBXGroup;
			children = (
				72698826291C56FB00E2FD02 /* RemoteComicsRepository.swift */,
			);
			path = repositories;
			sourceTree = "<group>";
		};
/* End PBXGroup section */

/* Begin PBXNativeTarget section */
		72383E75291BD4890031A630 /* Marvel Comics */ = {
			isa = PBXNativeTarget;
			buildConfigurationList = 72383E9B291BD48A0031A630 /* Build configuration list for PBXNativeTarget "Marvel Comics" */;
			buildPhases = (
				726987E5291C15E300E2FD02 /* Check Secrets Config */,
				72383E72291BD4890031A630 /* Sources */,
				72383E73291BD4890031A630 /* Frameworks */,
				72383E74291BD4890031A630 /* Resources */,
			);
			buildRules = (
			);
			dependencies = (
			);
			name = "Marvel Comics";
			productName = "Marvel Comics";
			productReference = 72383E76291BD4890031A630 /* Marvel Comics.app */;
			productType = "com.apple.product-type.application";
		};
		72383E86291BD48A0031A630 /* Marvel ComicsTests */ = {
			isa = PBXNativeTarget;
			buildConfigurationList = 72383E9E291BD48A0031A630 /* Build configuration list for PBXNativeTarget "Marvel ComicsTests" */;
			buildPhases = (
				72383E83291BD48A0031A630 /* Sources */,
				72383E84291BD48A0031A630 /* Frameworks */,
				72383E85291BD48A0031A630 /* Resources */,
			);
			buildRules = (
			);
			dependencies = (
				72383E89291BD48A0031A630 /* PBXTargetDependency */,
			);
			name = "Marvel ComicsTests";
			productName = "Marvel ComicsTests";
			productReference = 72383E87291BD48A0031A630 /* Marvel ComicsTests.xctest */;
			productType = "com.apple.product-type.bundle.unit-test";
		};
/* End PBXNativeTarget section */

/* Begin PBXProject section */
		72383E6E291BD4890031A630 /* Project object */ = {
			isa = PBXProject;
			attributes = {
				BuildIndependentTargetsInParallel = 1;
				LastSwiftUpdateCheck = 1400;
				LastUpgradeCheck = 1400;
				TargetAttributes = {
					72383E75291BD4890031A630 = {
						CreatedOnToolsVersion = 14.0.1;
					};
					72383E86291BD48A0031A630 = {
						CreatedOnToolsVersion = 14.0.1;
						TestTargetID = 72383E75291BD4890031A630;
					};
				};
			};
			buildConfigurationList = 72383E71291BD4890031A630 /* Build configuration list for PBXProject "Marvel Comics" */;
			compatibilityVersion = "Xcode 14.0";
			developmentRegion = en;
			hasScannedForEncodings = 0;
			knownRegions = (
				en,
				Base,
			);
			mainGroup = 72383E6D291BD4890031A630;
			productRefGroup = 72383E77291BD4890031A630 /* Products */;
			projectDirPath = "";
			projectRoot = "";
			targets = (
				72383E75291BD4890031A630 /* Marvel Comics */,
				72383E86291BD48A0031A630 /* Marvel ComicsTests */,
			);
		};
/* End PBXProject section */

/* Begin PBXResourcesBuildPhase section */
		72383E74291BD4890031A630 /* Resources */ = {
			isa = PBXResourcesBuildPhase;
			buildActionMask = 2147483647;
			files = (
				72383E82291BD48A0031A630 /* Preview Assets.xcassets in Resources */,
				72383E7E291BD48A0031A630 /* Assets.xcassets in Resources */,
			);
			runOnlyForDeploymentPostprocessing = 0;
		};
		72383E85291BD48A0031A630 /* Resources */ = {
			isa = PBXResourcesBuildPhase;
			buildActionMask = 2147483647;
			files = (
				726987F1291C3C0A00E2FD02 /* comics_sample.json in Resources */,
			);
			runOnlyForDeploymentPostprocessing = 0;
		};
/* End PBXResourcesBuildPhase section */

/* Begin PBXShellScriptBuildPhase section */
		726987E5291C15E300E2FD02 /* Check Secrets Config */ = {
			isa = PBXShellScriptBuildPhase;
			alwaysOutOfDate = 1;
			buildActionMask = 12;
			files = (
			);
			inputFileListPaths = (
			);
			inputPaths = (
			);
			name = "Check Secrets Config";
			outputFileListPaths = (
			);
			outputPaths = (
			);
			runOnlyForDeploymentPostprocessing = 0;
			shellPath = /bin/sh;
			shellScript = "SECRETS_CONFIG_FILE_NAME='marvelcomics_secrets.xcconfig'\n\nif [ -f \"$SECRETS_CONFIG_FILE_NAME\" ]; then\n    echo \"$SECRETS_CONFIG_FILE_NAME exists.\"\nelse\n    echo \"$SECRETS_CONFIG_FILE_NAME does not exist. Creating now…\"\n    echo 'API_KEY = ' >> $SECRETS_CONFIG_FILE_NAME\n    echo \"Please add your API key to $SECRETS_CONFIG_FILE_NAME.\"\nfi\n";
		};
/* End PBXShellScriptBuildPhase section */

/* Begin PBXSourcesBuildPhase section */
		72383E72291BD4890031A630 /* Sources */ = {
			isa = PBXSourcesBuildPhase;
			buildActionMask = 2147483647;
			files = (
				72698827291C56FB00E2FD02 /* RemoteComicsRepository.swift in Sources */,
				72698807291C51BA00E2FD02 /* ComicURL.swift in Sources */,
				726987DF291C060200E2FD02 /* Secrets.swift in Sources */,
				72698832291C629E00E2FD02 /* LibraryViewModel.swift in Sources */,
				72698813291C522E00E2FD02 /* CreatorList.swift in Sources */,
				72698825291C563D00E2FD02 /* ComicsAPI.swift in Sources */,
				726987EB291C321B00E2FD02 /* Comic.swift in Sources */,
				7269880B291C51DE00E2FD02 /* ComicSummary.swift in Sources */,
				72383E7A291BD4890031A630 /* Marvel_ComicsApp.swift in Sources */,
				726987FE291C50BB00E2FD02 /* ComicsRepository.swift in Sources */,
				7269881D291C528500E2FD02 /* StorySummary.swift in Sources */,
				72698829291C5AA900E2FD02 /* NetworkClient.swift in Sources */,
				72698830291C620200E2FD02 /* AppCoordinator.swift in Sources */,
				726987F3291C46EA00E2FD02 /* Endpoint.swift in Sources */,
				7269881B291C527600E2FD02 /* StoryList.swift in Sources */,
				72698809291C51CC00E2FD02 /* SeriesSummary.swift in Sources */,
				72698835291C69EE00E2FD02 /* ComicResponse.swift in Sources */,
				7269882D291C618D00E2FD02 /* LibraryView.swift in Sources */,
				72698811291C521A00E2FD02 /* ComicImage.swift in Sources */,
				726987E7291C30D000E2FD02 /* ComicsStore.swift in Sources */,
				72698819291C526A00E2FD02 /* CharacterSummary.swift in Sources */,
				72698805291C519F00E2FD02 /* TextObject.swift in Sources */,
				7269880D291C51F000E2FD02 /* ComicDate.swift in Sources */,
				726987F8291C4ABC00E2FD02 /* Endpoint+Comic.swift in Sources */,
				726987F6291C493E00E2FD02 /* NetworkService.swift in Sources */,
				7269880F291C520300E2FD02 /* ComicPrice.swift in Sources */,
				72698815291C524E00E2FD02 /* CreatorSummary.swift in Sources */,
				72698821291C52A200E2FD02 /* EventSummary.swift in Sources */,
				72698817291C525D00E2FD02 /* CharacterList.swift in Sources */,
				72698823291C533500E2FD02 /* ComicEntity.swift in Sources */,
				7269881F291C529600E2FD02 /* EventList.swift in Sources */,
			);
			runOnlyForDeploymentPostprocessing = 0;
		};
		72383E83291BD48A0031A630 /* Sources */ = {
			isa = PBXSourcesBuildPhase;
			buildActionMask = 2147483647;
			files = (
				726987FC291C4CB500E2FD02 /* Endpoint_ComicTests.swift in Sources */,
				726987EF291C3BDD00E2FD02 /* ComicTests.swift in Sources */,
			);
			runOnlyForDeploymentPostprocessing = 0;
		};
/* End PBXSourcesBuildPhase section */

/* Begin PBXTargetDependency section */
		72383E89291BD48A0031A630 /* PBXTargetDependency */ = {
			isa = PBXTargetDependency;
			target = 72383E75291BD4890031A630 /* Marvel Comics */;
			targetProxy = 72383E88291BD48A0031A630 /* PBXContainerItemProxy */;
		};
/* End PBXTargetDependency section */

/* Begin XCBuildConfiguration section */
		72383E99291BD48A0031A630 /* Debug */ = {
			isa = XCBuildConfiguration;
			buildSettings = {
				ALWAYS_SEARCH_USER_PATHS = NO;
				CLANG_ANALYZER_NONNULL = YES;
				CLANG_ANALYZER_NUMBER_OBJECT_CONVERSION = YES_AGGRESSIVE;
				CLANG_CXX_LANGUAGE_STANDARD = "gnu++20";
				CLANG_ENABLE_MODULES = YES;
				CLANG_ENABLE_OBJC_ARC = YES;
				CLANG_ENABLE_OBJC_WEAK = YES;
				CLANG_WARN_BLOCK_CAPTURE_AUTORELEASING = YES;
				CLANG_WARN_BOOL_CONVERSION = YES;
				CLANG_WARN_COMMA = YES;
				CLANG_WARN_CONSTANT_CONVERSION = YES;
				CLANG_WARN_DEPRECATED_OBJC_IMPLEMENTATIONS = YES;
				CLANG_WARN_DIRECT_OBJC_ISA_USAGE = YES_ERROR;
				CLANG_WARN_DOCUMENTATION_COMMENTS = YES;
				CLANG_WARN_EMPTY_BODY = YES;
				CLANG_WARN_ENUM_CONVERSION = YES;
				CLANG_WARN_INFINITE_RECURSION = YES;
				CLANG_WARN_INT_CONVERSION = YES;
				CLANG_WARN_NON_LITERAL_NULL_CONVERSION = YES;
				CLANG_WARN_OBJC_IMPLICIT_RETAIN_SELF = YES;
				CLANG_WARN_OBJC_LITERAL_CONVERSION = YES;
				CLANG_WARN_OBJC_ROOT_CLASS = YES_ERROR;
				CLANG_WARN_QUOTED_INCLUDE_IN_FRAMEWORK_HEADER = YES;
				CLANG_WARN_RANGE_LOOP_ANALYSIS = YES;
				CLANG_WARN_STRICT_PROTOTYPES = YES;
				CLANG_WARN_SUSPICIOUS_MOVE = YES;
				CLANG_WARN_UNGUARDED_AVAILABILITY = YES_AGGRESSIVE;
				CLANG_WARN_UNREACHABLE_CODE = YES;
				CLANG_WARN__DUPLICATE_METHOD_MATCH = YES;
				COPY_PHASE_STRIP = NO;
				DEBUG_INFORMATION_FORMAT = dwarf;
				ENABLE_STRICT_OBJC_MSGSEND = YES;
				ENABLE_TESTABILITY = YES;
				GCC_C_LANGUAGE_STANDARD = gnu11;
				GCC_DYNAMIC_NO_PIC = NO;
				GCC_NO_COMMON_BLOCKS = YES;
				GCC_OPTIMIZATION_LEVEL = 0;
				GCC_PREPROCESSOR_DEFINITIONS = (
					"DEBUG=1",
					"$(inherited)",
				);
				GCC_WARN_64_TO_32_BIT_CONVERSION = YES;
				GCC_WARN_ABOUT_RETURN_TYPE = YES_ERROR;
				GCC_WARN_UNDECLARED_SELECTOR = YES;
				GCC_WARN_UNINITIALIZED_AUTOS = YES_AGGRESSIVE;
				GCC_WARN_UNUSED_FUNCTION = YES;
				GCC_WARN_UNUSED_VARIABLE = YES;
				MTL_ENABLE_DEBUG_INFO = INCLUDE_SOURCE;
				MTL_FAST_MATH = YES;
				ONLY_ACTIVE_ARCH = YES;
				SWIFT_ACTIVE_COMPILATION_CONDITIONS = DEBUG;
				SWIFT_OPTIMIZATION_LEVEL = "-Onone";
			};
			name = Debug;
		};
		72383E9A291BD48A0031A630 /* Release */ = {
			isa = XCBuildConfiguration;
			buildSettings = {
				ALWAYS_SEARCH_USER_PATHS = NO;
				CLANG_ANALYZER_NONNULL = YES;
				CLANG_ANALYZER_NUMBER_OBJECT_CONVERSION = YES_AGGRESSIVE;
				CLANG_CXX_LANGUAGE_STANDARD = "gnu++20";
				CLANG_ENABLE_MODULES = YES;
				CLANG_ENABLE_OBJC_ARC = YES;
				CLANG_ENABLE_OBJC_WEAK = YES;
				CLANG_WARN_BLOCK_CAPTURE_AUTORELEASING = YES;
				CLANG_WARN_BOOL_CONVERSION = YES;
				CLANG_WARN_COMMA = YES;
				CLANG_WARN_CONSTANT_CONVERSION = YES;
				CLANG_WARN_DEPRECATED_OBJC_IMPLEMENTATIONS = YES;
				CLANG_WARN_DIRECT_OBJC_ISA_USAGE = YES_ERROR;
				CLANG_WARN_DOCUMENTATION_COMMENTS = YES;
				CLANG_WARN_EMPTY_BODY = YES;
				CLANG_WARN_ENUM_CONVERSION = YES;
				CLANG_WARN_INFINITE_RECURSION = YES;
				CLANG_WARN_INT_CONVERSION = YES;
				CLANG_WARN_NON_LITERAL_NULL_CONVERSION = YES;
				CLANG_WARN_OBJC_IMPLICIT_RETAIN_SELF = YES;
				CLANG_WARN_OBJC_LITERAL_CONVERSION = YES;
				CLANG_WARN_OBJC_ROOT_CLASS = YES_ERROR;
				CLANG_WARN_QUOTED_INCLUDE_IN_FRAMEWORK_HEADER = YES;
				CLANG_WARN_RANGE_LOOP_ANALYSIS = YES;
				CLANG_WARN_STRICT_PROTOTYPES = YES;
				CLANG_WARN_SUSPICIOUS_MOVE = YES;
				CLANG_WARN_UNGUARDED_AVAILABILITY = YES_AGGRESSIVE;
				CLANG_WARN_UNREACHABLE_CODE = YES;
				CLANG_WARN__DUPLICATE_METHOD_MATCH = YES;
				COPY_PHASE_STRIP = NO;
				DEBUG_INFORMATION_FORMAT = "dwarf-with-dsym";
				ENABLE_NS_ASSERTIONS = NO;
				ENABLE_STRICT_OBJC_MSGSEND = YES;
				GCC_C_LANGUAGE_STANDARD = gnu11;
				GCC_NO_COMMON_BLOCKS = YES;
				GCC_WARN_64_TO_32_BIT_CONVERSION = YES;
				GCC_WARN_ABOUT_RETURN_TYPE = YES_ERROR;
				GCC_WARN_UNDECLARED_SELECTOR = YES;
				GCC_WARN_UNINITIALIZED_AUTOS = YES_AGGRESSIVE;
				GCC_WARN_UNUSED_FUNCTION = YES;
				GCC_WARN_UNUSED_VARIABLE = YES;
				MTL_ENABLE_DEBUG_INFO = NO;
				MTL_FAST_MATH = YES;
				SWIFT_COMPILATION_MODE = wholemodule;
				SWIFT_OPTIMIZATION_LEVEL = "-O";
			};
			name = Release;
		};
		72383E9C291BD48A0031A630 /* Debug */ = {
			isa = XCBuildConfiguration;
			baseConfigurationReference = 72698837291C70D800E2FD02 /* marvelcomics_secrets.xcconfig */;
			buildSettings = {
				ASSETCATALOG_COMPILER_APPICON_NAME = AppIcon;
				ASSETCATALOG_COMPILER_GLOBAL_ACCENT_COLOR_NAME = AccentColor;
				CODE_SIGN_ENTITLEMENTS = "Marvel Comics/Marvel_Comics.entitlements";
				CODE_SIGN_STYLE = Automatic;
				CURRENT_PROJECT_VERSION = 1;
				DEVELOPMENT_ASSET_PATHS = "\"Marvel Comics/Preview Content\"";
				ENABLE_PREVIEWS = YES;
				GENERATE_INFOPLIST_FILE = YES;
				INFOPLIST_FILE = "Marvel-Comics-Info.plist";
				"INFOPLIST_KEY_UIApplicationSceneManifest_Generation[sdk=iphoneos*]" = YES;
				"INFOPLIST_KEY_UIApplicationSceneManifest_Generation[sdk=iphonesimulator*]" = YES;
				"INFOPLIST_KEY_UIApplicationSupportsIndirectInputEvents[sdk=iphoneos*]" = YES;
				"INFOPLIST_KEY_UIApplicationSupportsIndirectInputEvents[sdk=iphonesimulator*]" = YES;
				"INFOPLIST_KEY_UILaunchScreen_Generation[sdk=iphoneos*]" = YES;
				"INFOPLIST_KEY_UILaunchScreen_Generation[sdk=iphonesimulator*]" = YES;
				"INFOPLIST_KEY_UIStatusBarStyle[sdk=iphoneos*]" = UIStatusBarStyleDefault;
				"INFOPLIST_KEY_UIStatusBarStyle[sdk=iphonesimulator*]" = UIStatusBarStyleDefault;
				INFOPLIST_KEY_UISupportedInterfaceOrientations_iPad = "UIInterfaceOrientationPortrait UIInterfaceOrientationPortraitUpsideDown UIInterfaceOrientationLandscapeLeft UIInterfaceOrientationLandscapeRight";
				INFOPLIST_KEY_UISupportedInterfaceOrientations_iPhone = "UIInterfaceOrientationPortrait UIInterfaceOrientationLandscapeLeft UIInterfaceOrientationLandscapeRight";
				IPHONEOS_DEPLOYMENT_TARGET = 16.0;
				LD_RUNPATH_SEARCH_PATHS = "@executable_path/Frameworks";
				"LD_RUNPATH_SEARCH_PATHS[sdk=macosx*]" = "@executable_path/../Frameworks";
				MACOSX_DEPLOYMENT_TARGET = 12.3;
				MARKETING_VERSION = 1.0;
				PRODUCT_BUNDLE_IDENTIFIER = "com.gryphonmedia.Marvel-Comics";
				PRODUCT_NAME = "$(TARGET_NAME)";
				SDKROOT = auto;
				SUPPORTED_PLATFORMS = "iphoneos iphonesimulator macosx";
				SWIFT_EMIT_LOC_STRINGS = YES;
				SWIFT_VERSION = 5.0;
				TARGETED_DEVICE_FAMILY = "1,2";
			};
			name = Debug;
		};
		72383E9D291BD48A0031A630 /* Release */ = {
			isa = XCBuildConfiguration;
			baseConfigurationReference = 72698837291C70D800E2FD02 /* marvelcomics_secrets.xcconfig */;
			buildSettings = {
				ASSETCATALOG_COMPILER_APPICON_NAME = AppIcon;
				ASSETCATALOG_COMPILER_GLOBAL_ACCENT_COLOR_NAME = AccentColor;
				CODE_SIGN_ENTITLEMENTS = "Marvel Comics/Marvel_Comics.entitlements";
				CODE_SIGN_STYLE = Automatic;
				CURRENT_PROJECT_VERSION = 1;
				DEVELOPMENT_ASSET_PATHS = "\"Marvel Comics/Preview Content\"";
				ENABLE_PREVIEWS = YES;
				GENERATE_INFOPLIST_FILE = YES;
				INFOPLIST_FILE = "Marvel-Comics-Info.plist";
				"INFOPLIST_KEY_UIApplicationSceneManifest_Generation[sdk=iphoneos*]" = YES;
				"INFOPLIST_KEY_UIApplicationSceneManifest_Generation[sdk=iphonesimulator*]" = YES;
				"INFOPLIST_KEY_UIApplicationSupportsIndirectInputEvents[sdk=iphoneos*]" = YES;
				"INFOPLIST_KEY_UIApplicationSupportsIndirectInputEvents[sdk=iphonesimulator*]" = YES;
				"INFOPLIST_KEY_UILaunchScreen_Generation[sdk=iphoneos*]" = YES;
				"INFOPLIST_KEY_UILaunchScreen_Generation[sdk=iphonesimulator*]" = YES;
				"INFOPLIST_KEY_UIStatusBarStyle[sdk=iphoneos*]" = UIStatusBarStyleDefault;
				"INFOPLIST_KEY_UIStatusBarStyle[sdk=iphonesimulator*]" = UIStatusBarStyleDefault;
				INFOPLIST_KEY_UISupportedInterfaceOrientations_iPad = "UIInterfaceOrientationPortrait UIInterfaceOrientationPortraitUpsideDown UIInterfaceOrientationLandscapeLeft UIInterfaceOrientationLandscapeRight";
				INFOPLIST_KEY_UISupportedInterfaceOrientations_iPhone = "UIInterfaceOrientationPortrait UIInterfaceOrientationLandscapeLeft UIInterfaceOrientationLandscapeRight";
				IPHONEOS_DEPLOYMENT_TARGET = 16.0;
				LD_RUNPATH_SEARCH_PATHS = "@executable_path/Frameworks";
				"LD_RUNPATH_SEARCH_PATHS[sdk=macosx*]" = "@executable_path/../Frameworks";
				MACOSX_DEPLOYMENT_TARGET = 12.3;
				MARKETING_VERSION = 1.0;
				PRODUCT_BUNDLE_IDENTIFIER = "com.gryphonmedia.Marvel-Comics";
				PRODUCT_NAME = "$(TARGET_NAME)";
				SDKROOT = auto;
				SUPPORTED_PLATFORMS = "iphoneos iphonesimulator macosx";
				SWIFT_EMIT_LOC_STRINGS = YES;
				SWIFT_VERSION = 5.0;
				TARGETED_DEVICE_FAMILY = "1,2";
			};
			name = Release;
		};
		72383E9F291BD48A0031A630 /* Debug */ = {
			isa = XCBuildConfiguration;
			buildSettings = {
				ALWAYS_EMBED_SWIFT_STANDARD_LIBRARIES = YES;
				BUNDLE_LOADER = "$(TEST_HOST)";
				CODE_SIGN_STYLE = Automatic;
				CURRENT_PROJECT_VERSION = 1;
				GENERATE_INFOPLIST_FILE = YES;
				IPHONEOS_DEPLOYMENT_TARGET = 16.0;
				MACOSX_DEPLOYMENT_TARGET = 12.3;
				MARKETING_VERSION = 1.0;
				PRODUCT_BUNDLE_IDENTIFIER = "com.gryphonmedia.Marvel-ComicsTests";
				PRODUCT_NAME = "$(TARGET_NAME)";
				SDKROOT = auto;
				SUPPORTED_PLATFORMS = "iphoneos iphonesimulator macosx";
				SWIFT_EMIT_LOC_STRINGS = NO;
				SWIFT_VERSION = 5.0;
				TARGETED_DEVICE_FAMILY = "1,2";
				TEST_HOST = "$(BUILT_PRODUCTS_DIR)/Marvel Comics.app/$(BUNDLE_EXECUTABLE_FOLDER_PATH)/Marvel Comics";
			};
			name = Debug;
		};
		72383EA0291BD48A0031A630 /* Release */ = {
			isa = XCBuildConfiguration;
			buildSettings = {
				ALWAYS_EMBED_SWIFT_STANDARD_LIBRARIES = YES;
				BUNDLE_LOADER = "$(TEST_HOST)";
				CODE_SIGN_STYLE = Automatic;
				CURRENT_PROJECT_VERSION = 1;
				GENERATE_INFOPLIST_FILE = YES;
				IPHONEOS_DEPLOYMENT_TARGET = 16.0;
				MACOSX_DEPLOYMENT_TARGET = 12.3;
				MARKETING_VERSION = 1.0;
				PRODUCT_BUNDLE_IDENTIFIER = "com.gryphonmedia.Marvel-ComicsTests";
				PRODUCT_NAME = "$(TARGET_NAME)";
				SDKROOT = auto;
				SUPPORTED_PLATFORMS = "iphoneos iphonesimulator macosx";
				SWIFT_EMIT_LOC_STRINGS = NO;
				SWIFT_VERSION = 5.0;
				TARGETED_DEVICE_FAMILY = "1,2";
				TEST_HOST = "$(BUILT_PRODUCTS_DIR)/Marvel Comics.app/$(BUNDLE_EXECUTABLE_FOLDER_PATH)/Marvel Comics";
			};
			name = Release;
		};
/* End XCBuildConfiguration section */

/* Begin XCConfigurationList section */
		72383E71291BD4890031A630 /* Build configuration list for PBXProject "Marvel Comics" */ = {
			isa = XCConfigurationList;
			buildConfigurations = (
				72383E99291BD48A0031A630 /* Debug */,
				72383E9A291BD48A0031A630 /* Release */,
			);
			defaultConfigurationIsVisible = 0;
			defaultConfigurationName = Release;
		};
		72383E9B291BD48A0031A630 /* Build configuration list for PBXNativeTarget "Marvel Comics" */ = {
			isa = XCConfigurationList;
			buildConfigurations = (
				72383E9C291BD48A0031A630 /* Debug */,
				72383E9D291BD48A0031A630 /* Release */,
			);
			defaultConfigurationIsVisible = 0;
			defaultConfigurationName = Release;
		};
		72383E9E291BD48A0031A630 /* Build configuration list for PBXNativeTarget "Marvel ComicsTests" */ = {
			isa = XCConfigurationList;
			buildConfigurations = (
				72383E9F291BD48A0031A630 /* Debug */,
				72383EA0291BD48A0031A630 /* Release */,
			);
			defaultConfigurationIsVisible = 0;
			defaultConfigurationName = Release;
		};
/* End XCConfigurationList section */
	};
	rootObject = 72383E6E291BD4890031A630 /* Project object */;
}
